
Microsoft Visual Studio Solution File, Format Version 12.00
# Visual Studio Version 16
VisualStudioVersion = 16.0.29403.142
MinimumVisualStudioVersion = 10.0.40219.1
Project("{9A19103F-16F7-4668-BE54-9A1E7A4F7556}") = "HAS.MyPractice.Web", "HAS.MyPractice.Web.csproj", "{8EA863C4-F322-47FB-8EFE-42872D922C6D}"
EndProject
Project("{9A19103F-16F7-4668-BE54-9A1E7A4F7556}") = "HAS.Content", "..\..\dotnet\HAS.Content\HAS.Content.csproj", "{B744E769-74C5-4B19-B8E9-9D7138125879}"
EndProject
Project("{9A19103F-16F7-4668-BE54-9A1E7A4F7556}") = "HAS.IdentityServer", "..\..\..\happyappsoftware\src\HAS.IdentityServer\HAS.IdentityServer.csproj", "{EFE6F8DA-6815-4914-9445-7AF1AE53DB0F}"
EndProject
Project("{9A19103F-16F7-4668-BE54-9A1E7A4F7556}") = "HAS.Profile", "..\..\dotnet\HAS.Profile\HAS.Profile.csproj", "{CE5F6735-9914-4E92-AE73-E13D7A75C8D9}"
EndProject
Global
	GlobalSection(SolutionConfigurationPlatforms) = preSolution
		Debug|Any CPU = Debug|Any CPU
		Release|Any CPU = Release|Any CPU
	EndGlobalSection
	GlobalSection(ProjectConfigurationPlatforms) = postSolution
		{8EA863C4-F322-47FB-8EFE-42872D922C6D}.Debug|Any CPU.ActiveCfg = Debug|Any CPU
		{8EA863C4-F322-47FB-8EFE-42872D922C6D}.Debug|Any CPU.Build.0 = Debug|Any CPU
		{8EA863C4-F322-47FB-8EFE-42872D922C6D}.Release|Any CPU.ActiveCfg = Release|Any CPU
		{8EA863C4-F322-47FB-8EFE-42872D922C6D}.Release|Any CPU.Build.0 = Release|Any CPU
		{B744E769-74C5-4B19-B8E9-9D7138125879}.Debug|Any CPU.ActiveCfg = Debug|Any CPU
		{B744E769-74C5-4B19-B8E9-9D7138125879}.Debug|Any CPU.Build.0 = Debug|Any CPU
		{B744E769-74C5-4B19-B8E9-9D7138125879}.Release|Any CPU.ActiveCfg = Release|Any CPU
		{B744E769-74C5-4B19-B8E9-9D7138125879}.Release|Any CPU.Build.0 = Release|Any CPU
		{EFE6F8DA-6815-4914-9445-7AF1AE53DB0F}.Debug|Any CPU.ActiveCfg = Debug|Any CPU
		{EFE6F8DA-6815-4914-9445-7AF1AE53DB0F}.Debug|Any CPU.Build.0 = Debug|Any CPU
		{EFE6F8DA-6815-4914-9445-7AF1AE53DB0F}.Release|Any CPU.ActiveCfg = Release|Any CPU
		{EFE6F8DA-6815-4914-9445-7AF1AE53DB0F}.Release|Any CPU.Build.0 = Release|Any CPU
		{CE5F6735-9914-4E92-AE73-E13D7A75C8D9}.Debug|Any CPU.ActiveCfg = Debug|Any CPU
		{CE5F6735-9914-4E92-AE73-E13D7A75C8D9}.Debug|Any CPU.Build.0 = Debug|Any CPU
		{CE5F6735-9914-4E92-AE73-E13D7A75C8D9}.Release|Any CPU.ActiveCfg = Release|Any CPU
		{CE5F6735-9914-4E92-AE73-E13D7A75C8D9}.Release|Any CPU.Build.0 = Release|Any CPU
	EndGlobalSection
	GlobalSection(SolutionProperties) = preSolution
		HideSolutionNode = FALSE
	EndGlobalSection
	GlobalSection(ExtensibilityGlobals) = postSolution
		SolutionGuid = {962650E7-40D5-4C94-822F-FB77FE9ED82C}
	EndGlobalSection
EndGlobal
